
Microsoft Visual Studio Solution File, Format Version 12.00
# Visual Studio Version 16
VisualStudioVersion = 16.0.29728.190
MinimumVisualStudioVersion = 10.0.40219.1
Project("{FAE04EC0-301F-11D3-BF4B-00C04F79EFBC}") = "AppNumerosV2", "AppNumerosV2\AppNumerosV2.csproj", "{6007C1E1-3087-44AD-9E62-A5454D51035C}"
EndProject
Global
	GlobalSection(SolutionConfigurationPlatforms) = preSolution
		Debug|Any CPU = Debug|Any CPU
		Release|Any CPU = Release|Any CPU
	EndGlobalSection
	GlobalSection(ProjectConfigurationPlatforms) = postSolution
		{6007C1E1-3087-44AD-9E62-A5454D51035C}.Debug|Any CPU.ActiveCfg = Debug|Any CPU
		{6007C1E1-3087-44AD-9E62-A5454D51035C}.Debug|Any CPU.Build.0 = Debug|Any CPU
		{6007C1E1-3087-44AD-9E62-A5454D51035C}.Release|Any CPU.ActiveCfg = Release|Any CPU
		{6007C1E1-3087-44AD-9E62-A5454D51035C}.Release|Any CPU.Build.0 = Release|Any CPU
	EndGlobalSection
	GlobalSection(SolutionProperties) = preSolution
		HideSolutionNode = FALSE
	EndGlobalSection
	GlobalSection(ExtensibilityGlobals) = postSolution
		SolutionGuid = {7D93E059-E8AB-49E1-8D09-D7DFC97327E7}
	EndGlobalSection
EndGlobal
